<Solution>
  <Project Path="PasswordKeeper.Audit/PasswordKeeper.Audit.csproj" />
  <Project Path="PasswordKeeper.Auth/PasswordKeeper.Auth.csproj" />
  <Project Path="PasswordKeeper.Gateway/PasswordKeeper.Gateway.csproj" />
  <Project Path="PasswordKeeper.Vault/PasswordKeeper.Vault.csproj" />
</Solution>
